Microsoft Visual Studio Solution File, Format Version 12.00
# Visual Studio 15
VisualStudioVersion = 15.0.27130.2026
MinimumVisualStudioVersion = 10.0.40219.1
Project("{2150E333-8FDC-42A3-9474-1A3956D46DE8}") = "Solution Items", "Solution Items", "{4A5A60DD-41B6-40BF-B677-227A921ECCC8}"
	ProjectSection(SolutionItems) = preProject
		Npgsql.snk = Npgsql.snk
		Directory.Build.props = Directory.Build.props
		Directory.Packages.props = Directory.Packages.props
		README.md = README.md
		NuGet.config = NuGet.config
	EndProjectSection
EndProject
Project("{2150E333-8FDC-42A3-9474-1A3956D46DE8}") = "src", "src", "{8537E50E-CF7F-49CB-B4EF-3E2A1B11F050}"
EndProject
Project("{2150E333-8FDC-42A3-9474-1A3956D46DE8}") = "test", "test", "{ED612DB1-AB32-4603-95E7-891BACA71C39}"
EndProject
Project("{9A19103F-16F7-4668-BE54-9A1E7A4F7556}") = "EFCore.PG", "src\EFCore.PG\EFCore.PG.csproj", "{FADDA2D1-03B4-4DEF-8D24-DD1CA4E81F4A}"
EndProject
Project("{9A19103F-16F7-4668-BE54-9A1E7A4F7556}") = "EFCore.PG.Tests", "test\EFCore.PG.Tests\EFCore.PG.Tests.csproj", "{E1D99AD4-D88B-42BA-86DF-90B98B2E9A01}"
EndProject
Project("{9A19103F-16F7-4668-BE54-9A1E7A4F7556}") = "EFCore.PG.FunctionalTests", "test\EFCore.PG.FunctionalTests\EFCore.PG.FunctionalTests.csproj", "{05A7D0B7-4AE1-4BC8-A1BE-2389F1593B2D}"
EndProject
Project("{9A19103F-16F7-4668-BE54-9A1E7A4F7556}") = "EFCore.PG.NodaTime.FunctionalTests", "test\EFCore.PG.NodaTime.FunctionalTests\EFCore.PG.NodaTime.FunctionalTests.csproj", "{B78A7825-BE72-4509-B0AD-01EEC67A9624}"
EndProject
Project("{9A19103F-16F7-4668-BE54-9A1E7A4F7556}") = "EFCore.PG.NodaTime", "src\EFCore.PG.NodaTime\EFCore.PG.NodaTime.csproj", "{77F0608F-6D0C-481C-9108-D5176E2EAD69}"
EndProject
Project("{FAE04EC0-301F-11D3-BF4B-00C04F79EFBC}") = "EFCore.PG.NTS", "src\EFCore.PG.NTS\EFCore.PG.NTS.csproj", "{D7106D61-C7CA-4005-B31F-43281BB397AD}"
EndProject
Project("{2150E333-8FDC-42A3-9474-1A3956D46DE8}") = "Github", "Github", "{26203F54-A3C1-43AD-A101-8F589D2D67AD}"
	ProjectSection(SolutionItems) = preProject
		.github\workflows\build.yml = .github\workflows\build.yml
		.github\dependabot.yml = .github\dependabot.yml
		.github\workflows\codeql-analysis.yml = .github\workflows\codeql-analysis.yml
	EndProjectSection
Project("{2150E333-8FDC-42A3-9474-1A3956D46DE8}") = "EF", "EF", "{67CC4504-DA01-4DA8-A2B9-6493CD2B4F83}"
EndProject
Project("{FAE04EC0-301F-11D3-BF4B-00C04F79EFBC}") = "EFCore", "..\efcore\src\EFCore\EFCore.csproj", "{4E4DCEC3-84F3-4416-AE02-343A3964DEAD}"
EndProject
Project("{FAE04EC0-301F-11D3-BF4B-00C04F79EFBC}") = "EFCore.Abstractions", "..\efcore\src\EFCore.Abstractions\EFCore.Abstractions.csproj", "{63C3EDDF-CF6A-41E2-BA54-6BAE0D24CED5}"
EndProject
Project("{FAE04EC0-301F-11D3-BF4B-00C04F79EFBC}") = "EFCore.Analyzers", "..\efcore\src\EFCore.Analyzers\EFCore.Analyzers.csproj", "{76329DA4-D5D3-4136-BD0D-6AC002E962C3}"
EndProject
Project("{FAE04EC0-301F-11D3-BF4B-00C04F79EFBC}") = "EFCore.Relational", "..\efcore\src\EFCore.Relational\EFCore.Relational.csproj", "{3EE0229A-85A5-4677-886D-EEBA8AB4BE69}"
EndProject
Project("{FAE04EC0-301F-11D3-BF4B-00C04F79EFBC}") = "EFCore.SqlServer", "..\efcore\src\EFCore.SqlServer\EFCore.SqlServer.csproj", "{DFA50D41-8AB4-459F-BCDA-73239DF3BEE4}"
EndProject
Project("{FAE04EC0-301F-11D3-BF4B-00C04F79EFBC}") = "EFCore.Design", "..\efcore\src\EFCore.Design\EFCore.Design.csproj", "{6771EC7B-3B85-4A20-9A2F-ABB979745198}"
EndProject
Project("{FAE04EC0-301F-11D3-BF4B-00C04F79EFBC}") = "EFCore.Relational.Specification.Tests", "..\efcore\test\EFCore.Relational.Specification.Tests\EFCore.Relational.Specification.Tests.csproj", "{18933973-B439-4B50-9795-B7F2E0070894}"
EndProject
Project("{FAE04EC0-301F-11D3-BF4B-00C04F79EFBC}") = "EFCore.Specification.Tests", "..\efcore\test\EFCore.Specification.Tests\EFCore.Specification.Tests.csproj", "{96C6D488-9DDB-43C9-BCDC-F2EEE56717D1}"
EndProject
Project("{FAE04EC0-301F-11D3-BF4B-00C04F79EFBC}") = "EFCore.SqlServer.FunctionalTests", "..\efcore\test\EFCore.SqlServer.FunctionalTests\EFCore.SqlServer.FunctionalTests.csproj", "{87C812E3-9397-4FB9-8E11-001E95A981CC}"
EndProject
Global
	GlobalSection(SolutionConfigurationPlatforms) = preSolution
		Debug|Any CPU = Debug|Any CPU
		Debug|x64 = Debug|x64
		Debug|x86 = Debug|x86
		Release|Any CPU = Release|Any CPU
		Release|x64 = Release|x64
		Release|x86 = Release|x86
	EndGlobalSection
	GlobalSection(ProjectConfigurationPlatforms) = postSolution
		{FADDA2D1-03B4-4DEF-8D24-DD1CA4E81F4A}.Debug|Any CPU.ActiveCfg = Debug|Any CPU
		{FADDA2D1-03B4-4DEF-8D24-DD1CA4E81F4A}.Debug|Any CPU.Build.0 = Debug|Any CPU
		{FADDA2D1-03B4-4DEF-8D24-DD1CA4E81F4A}.Debug|x64.ActiveCfg = Debug|Any CPU
		{FADDA2D1-03B4-4DEF-8D24-DD1CA4E81F4A}.Debug|x86.ActiveCfg = Debug|Any CPU
		{FADDA2D1-03B4-4DEF-8D24-DD1CA4E81F4A}.Release|Any CPU.ActiveCfg = Release|Any CPU
		{FADDA2D1-03B4-4DEF-8D24-DD1CA4E81F4A}.Release|Any CPU.Build.0 = Release|Any CPU
		{FADDA2D1-03B4-4DEF-8D24-DD1CA4E81F4A}.Release|x64.ActiveCfg = Release|Any CPU
		{FADDA2D1-03B4-4DEF-8D24-DD1CA4E81F4A}.Release|x86.ActiveCfg = Release|Any CPU
		{E1D99AD4-D88B-42BA-86DF-90B98B2E9A01}.Debug|Any CPU.ActiveCfg = Debug|Any CPU
		{E1D99AD4-D88B-42BA-86DF-90B98B2E9A01}.Debug|Any CPU.Build.0 = Debug|Any CPU
		{E1D99AD4-D88B-42BA-86DF-90B98B2E9A01}.Debug|x64.ActiveCfg = Debug|Any CPU
		{E1D99AD4-D88B-42BA-86DF-90B98B2E9A01}.Debug|x86.ActiveCfg = Debug|Any CPU
		{E1D99AD4-D88B-42BA-86DF-90B98B2E9A01}.Release|Any CPU.ActiveCfg = Release|Any CPU
		{E1D99AD4-D88B-42BA-86DF-90B98B2E9A01}.Release|Any CPU.Build.0 = Release|Any CPU
		{E1D99AD4-D88B-42BA-86DF-90B98B2E9A01}.Release|x64.ActiveCfg = Release|Any CPU
		{E1D99AD4-D88B-42BA-86DF-90B98B2E9A01}.Release|x86.ActiveCfg = Release|Any CPU
		{05A7D0B7-4AE1-4BC8-A1BE-2389F1593B2D}.Debug|Any CPU.ActiveCfg = Debug|Any CPU
		{05A7D0B7-4AE1-4BC8-A1BE-2389F1593B2D}.Debug|Any CPU.Build.0 = Debug|Any CPU
		{05A7D0B7-4AE1-4BC8-A1BE-2389F1593B2D}.Debug|x64.ActiveCfg = Debug|Any CPU
		{05A7D0B7-4AE1-4BC8-A1BE-2389F1593B2D}.Debug|x86.ActiveCfg = Debug|Any CPU
		{05A7D0B7-4AE1-4BC8-A1BE-2389F1593B2D}.Release|Any CPU.ActiveCfg = Release|Any CPU
		{05A7D0B7-4AE1-4BC8-A1BE-2389F1593B2D}.Release|Any CPU.Build.0 = Release|Any CPU
		{05A7D0B7-4AE1-4BC8-A1BE-2389F1593B2D}.Release|x64.ActiveCfg = Release|Any CPU
		{05A7D0B7-4AE1-4BC8-A1BE-2389F1593B2D}.Release|x86.ActiveCfg = Release|Any CPU
		{B78A7825-BE72-4509-B0AD-01EEC67A9624}.Debug|Any CPU.ActiveCfg = Debug|Any CPU
		{B78A7825-BE72-4509-B0AD-01EEC67A9624}.Debug|Any CPU.Build.0 = Debug|Any CPU
		{B78A7825-BE72-4509-B0AD-01EEC67A9624}.Debug|x64.ActiveCfg = Debug|Any CPU
		{B78A7825-BE72-4509-B0AD-01EEC67A9624}.Debug|x64.Build.0 = Debug|Any CPU
		{B78A7825-BE72-4509-B0AD-01EEC67A9624}.Debug|x86.ActiveCfg = Debug|Any CPU
		{B78A7825-BE72-4509-B0AD-01EEC67A9624}.Debug|x86.Build.0 = Debug|Any CPU
		{B78A7825-BE72-4509-B0AD-01EEC67A9624}.Release|Any CPU.ActiveCfg = Release|Any CPU
		{B78A7825-BE72-4509-B0AD-01EEC67A9624}.Release|Any CPU.Build.0 = Release|Any CPU
		{B78A7825-BE72-4509-B0AD-01EEC67A9624}.Release|x64.ActiveCfg = Release|Any CPU
		{B78A7825-BE72-4509-B0AD-01EEC67A9624}.Release|x64.Build.0 = Release|Any CPU
		{B78A7825-BE72-4509-B0AD-01EEC67A9624}.Release|x86.ActiveCfg = Release|Any CPU
		{B78A7825-BE72-4509-B0AD-01EEC67A9624}.Release|x86.Build.0 = Release|Any CPU
		{77F0608F-6D0C-481C-9108-D5176E2EAD69}.Debug|Any CPU.ActiveCfg = Debug|Any CPU
		{77F0608F-6D0C-481C-9108-D5176E2EAD69}.Debug|Any CPU.Build.0 = Debug|Any CPU
		{77F0608F-6D0C-481C-9108-D5176E2EAD69}.Debug|x64.ActiveCfg = Debug|Any CPU
		{77F0608F-6D0C-481C-9108-D5176E2EAD69}.Debug|x64.Build.0 = Debug|Any CPU
		{77F0608F-6D0C-481C-9108-D5176E2EAD69}.Debug|x86.ActiveCfg = Debug|Any CPU
		{77F0608F-6D0C-481C-9108-D5176E2EAD69}.Debug|x86.Build.0 = Debug|Any CPU
		{77F0608F-6D0C-481C-9108-D5176E2EAD69}.Release|Any CPU.ActiveCfg = Release|Any CPU
		{77F0608F-6D0C-481C-9108-D5176E2EAD69}.Release|Any CPU.Build.0 = Release|Any CPU
		{77F0608F-6D0C-481C-9108-D5176E2EAD69}.Release|x64.ActiveCfg = Release|Any CPU
		{77F0608F-6D0C-481C-9108-D5176E2EAD69}.Release|x64.Build.0 = Release|Any CPU
		{77F0608F-6D0C-481C-9108-D5176E2EAD69}.Release|x86.ActiveCfg = Release|Any CPU
		{77F0608F-6D0C-481C-9108-D5176E2EAD69}.Release|x86.Build.0 = Release|Any CPU
		{D7106D61-C7CA-4005-B31F-43281BB397AD}.Debug|Any CPU.ActiveCfg = Debug|Any CPU
		{D7106D61-C7CA-4005-B31F-43281BB397AD}.Debug|Any CPU.Build.0 = Debug|Any CPU
		{D7106D61-C7CA-4005-B31F-43281BB397AD}.Debug|x64.ActiveCfg = Debug|Any CPU
		{D7106D61-C7CA-4005-B31F-43281BB397AD}.Debug|x64.Build.0 = Debug|Any CPU
		{D7106D61-C7CA-4005-B31F-43281BB397AD}.Debug|x86.ActiveCfg = Debug|Any CPU
		{D7106D61-C7CA-4005-B31F-43281BB397AD}.Debug|x86.Build.0 = Debug|Any CPU
		{D7106D61-C7CA-4005-B31F-43281BB397AD}.Release|Any CPU.ActiveCfg = Release|Any CPU
		{D7106D61-C7CA-4005-B31F-43281BB397AD}.Release|Any CPU.Build.0 = Release|Any CPU
		{D7106D61-C7CA-4005-B31F-43281BB397AD}.Release|x64.ActiveCfg = Release|Any CPU
		{D7106D61-C7CA-4005-B31F-43281BB397AD}.Release|x64.Build.0 = Release|Any CPU
		{D7106D61-C7CA-4005-B31F-43281BB397AD}.Release|x86.ActiveCfg = Release|Any CPU
		{D7106D61-C7CA-4005-B31F-43281BB397AD}.Release|x86.Build.0 = Release|Any CPU
		{4E4DCEC3-84F3-4416-AE02-343A3964DEAD}.Debug|Any CPU.ActiveCfg = Debug|Any CPU
		{4E4DCEC3-84F3-4416-AE02-343A3964DEAD}.Debug|Any CPU.Build.0 = Debug|Any CPU
		{4E4DCEC3-84F3-4416-AE02-343A3964DEAD}.Debug|x64.ActiveCfg = Debug|Any CPU
		{4E4DCEC3-84F3-4416-AE02-343A3964DEAD}.Debug|x64.Build.0 = Debug|Any CPU
		{4E4DCEC3-84F3-4416-AE02-343A3964DEAD}.Debug|x86.ActiveCfg = Debug|Any CPU
		{4E4DCEC3-84F3-4416-AE02-343A3964DEAD}.Debug|x86.Build.0 = Debug|Any CPU
		{4E4DCEC3-84F3-4416-AE02-343A3964DEAD}.Release|Any CPU.ActiveCfg = Release|Any CPU
		{4E4DCEC3-84F3-4416-AE02-343A3964DEAD}.Release|Any CPU.Build.0 = Release|Any CPU
		{4E4DCEC3-84F3-4416-AE02-343A3964DEAD}.Release|x64.ActiveCfg = Release|Any CPU
		{4E4DCEC3-84F3-4416-AE02-343A3964DEAD}.Release|x64.Build.0 = Release|Any CPU
		{4E4DCEC3-84F3-4416-AE02-343A3964DEAD}.Release|x86.ActiveCfg = Release|Any CPU
		{4E4DCEC3-84F3-4416-AE02-343A3964DEAD}.Release|x86.Build.0 = Release|Any CPU
		{63C3EDDF-CF6A-41E2-BA54-6BAE0D24CED5}.Debug|Any CPU.ActiveCfg = Debug|Any CPU
		{63C3EDDF-CF6A-41E2-BA54-6BAE0D24CED5}.Debug|Any CPU.Build.0 = Debug|Any CPU
		{63C3EDDF-CF6A-41E2-BA54-6BAE0D24CED5}.Debug|x64.ActiveCfg = Debug|Any CPU
		{63C3EDDF-CF6A-41E2-BA54-6BAE0D24CED5}.Debug|x64.Build.0 = Debug|Any CPU
		{63C3EDDF-CF6A-41E2-BA54-6BAE0D24CED5}.Debug|x86.ActiveCfg = Debug|Any CPU
		{63C3EDDF-CF6A-41E2-BA54-6BAE0D24CED5}.Debug|x86.Build.0 = Debug|Any CPU
		{63C3EDDF-CF6A-41E2-BA54-6BAE0D24CED5}.Release|Any CPU.ActiveCfg = Release|Any CPU
		{63C3EDDF-CF6A-41E2-BA54-6BAE0D24CED5}.Release|Any CPU.Build.0 = Release|Any CPU
		{63C3EDDF-CF6A-41E2-BA54-6BAE0D24CED5}.Release|x64.ActiveCfg = Release|Any CPU
		{63C3EDDF-CF6A-41E2-BA54-6BAE0D24CED5}.Release|x64.Build.0 = Release|Any CPU
		{63C3EDDF-CF6A-41E2-BA54-6BAE0D24CED5}.Release|x86.ActiveCfg = Release|Any CPU
		{63C3EDDF-CF6A-41E2-BA54-6BAE0D24CED5}.Release|x86.Build.0 = Release|Any CPU
		{76329DA4-D5D3-4136-BD0D-6AC002E962C3}.Debug|Any CPU.ActiveCfg = Debug|Any CPU
		{76329DA4-D5D3-4136-BD0D-6AC002E962C3}.Debug|Any CPU.Build.0 = Debug|Any CPU
		{76329DA4-D5D3-4136-BD0D-6AC002E962C3}.Debug|x64.ActiveCfg = Debug|Any CPU
		{76329DA4-D5D3-4136-BD0D-6AC002E962C3}.Debug|x64.Build.0 = Debug|Any CPU
		{76329DA4-D5D3-4136-BD0D-6AC002E962C3}.Debug|x86.ActiveCfg = Debug|Any CPU
		{76329DA4-D5D3-4136-BD0D-6AC002E962C3}.Debug|x86.Build.0 = Debug|Any CPU
		{76329DA4-D5D3-4136-BD0D-6AC002E962C3}.Release|Any CPU.ActiveCfg = Release|Any CPU
		{76329DA4-D5D3-4136-BD0D-6AC002E962C3}.Release|Any CPU.Build.0 = Release|Any CPU
		{76329DA4-D5D3-4136-BD0D-6AC002E962C3}.Release|x64.ActiveCfg = Release|Any CPU
		{76329DA4-D5D3-4136-BD0D-6AC002E962C3}.Release|x64.Build.0 = Release|Any CPU
		{76329DA4-D5D3-4136-BD0D-6AC002E962C3}.Release|x86.ActiveCfg = Release|Any CPU
		{76329DA4-D5D3-4136-BD0D-6AC002E962C3}.Release|x86.Build.0 = Release|Any CPU
		{3EE0229A-85A5-4677-886D-EEBA8AB4BE69}.Debug|Any CPU.ActiveCfg = Debug|Any CPU
		{3EE0229A-85A5-4677-886D-EEBA8AB4BE69}.Debug|Any CPU.Build.0 = Debug|Any CPU
		{3EE0229A-85A5-4677-886D-EEBA8AB4BE69}.Debug|x64.ActiveCfg = Debug|Any CPU
		{3EE0229A-85A5-4677-886D-EEBA8AB4BE69}.Debug|x64.Build.0 = Debug|Any CPU
		{3EE0229A-85A5-4677-886D-EEBA8AB4BE69}.Debug|x86.ActiveCfg = Debug|Any CPU
		{3EE0229A-85A5-4677-886D-EEBA8AB4BE69}.Debug|x86.Build.0 = Debug|Any CPU
		{3EE0229A-85A5-4677-886D-EEBA8AB4BE69}.Release|Any CPU.ActiveCfg = Release|Any CPU
		{3EE0229A-85A5-4677-886D-EEBA8AB4BE69}.Release|Any CPU.Build.0 = Release|Any CPU
		{3EE0229A-85A5-4677-886D-EEBA8AB4BE69}.Release|x64.ActiveCfg = Release|Any CPU
		{3EE0229A-85A5-4677-886D-EEBA8AB4BE69}.Release|x64.Build.0 = Release|Any CPU
		{3EE0229A-85A5-4677-886D-EEBA8AB4BE69}.Release|x86.ActiveCfg = Release|Any CPU
		{3EE0229A-85A5-4677-886D-EEBA8AB4BE69}.Release|x86.Build.0 = Release|Any CPU
		{DFA50D41-8AB4-459F-BCDA-73239DF3BEE4}.Debug|Any CPU.ActiveCfg = Debug|Any CPU
		{DFA50D41-8AB4-459F-BCDA-73239DF3BEE4}.Debug|Any CPU.Build.0 = Debug|Any CPU
		{DFA50D41-8AB4-459F-BCDA-73239DF3BEE4}.Debug|x64.ActiveCfg = Debug|Any CPU
		{DFA50D41-8AB4-459F-BCDA-73239DF3BEE4}.Debug|x64.Build.0 = Debug|Any CPU
		{DFA50D41-8AB4-459F-BCDA-73239DF3BEE4}.Debug|x86.ActiveCfg = Debug|Any CPU
		{DFA50D41-8AB4-459F-BCDA-73239DF3BEE4}.Debug|x86.Build.0 = Debug|Any CPU
		{DFA50D41-8AB4-459F-BCDA-73239DF3BEE4}.Release|Any CPU.ActiveCfg = Release|Any CPU
		{DFA50D41-8AB4-459F-BCDA-73239DF3BEE4}.Release|Any CPU.Build.0 = Release|Any CPU
		{DFA50D41-8AB4-459F-BCDA-73239DF3BEE4}.Release|x64.ActiveCfg = Release|Any CPU
		{DFA50D41-8AB4-459F-BCDA-73239DF3BEE4}.Release|x64.Build.0 = Release|Any CPU
		{DFA50D41-8AB4-459F-BCDA-73239DF3BEE4}.Release|x86.ActiveCfg = Release|Any CPU
		{DFA50D41-8AB4-459F-BCDA-73239DF3BEE4}.Release|x86.Build.0 = Release|Any CPU
		{6771EC7B-3B85-4A20-9A2F-ABB979745198}.Debug|Any CPU.ActiveCfg = Debug|Any CPU
		{6771EC7B-3B85-4A20-9A2F-ABB979745198}.Debug|Any CPU.Build.0 = Debug|Any CPU
		{6771EC7B-3B85-4A20-9A2F-ABB979745198}.Debug|x64.ActiveCfg = Debug|Any CPU
		{6771EC7B-3B85-4A20-9A2F-ABB979745198}.Debug|x64.Build.0 = Debug|Any CPU
		{6771EC7B-3B85-4A20-9A2F-ABB979745198}.Debug|x86.ActiveCfg = Debug|Any CPU
		{6771EC7B-3B85-4A20-9A2F-ABB979745198}.Debug|x86.Build.0 = Debug|Any CPU
		{6771EC7B-3B85-4A20-9A2F-ABB979745198}.Release|Any CPU.ActiveCfg = Release|Any CPU
		{6771EC7B-3B85-4A20-9A2F-ABB979745198}.Release|Any CPU.Build.0 = Release|Any CPU
		{6771EC7B-3B85-4A20-9A2F-ABB979745198}.Release|x64.ActiveCfg = Release|Any CPU
		{6771EC7B-3B85-4A20-9A2F-ABB979745198}.Release|x64.Build.0 = Release|Any CPU
		{6771EC7B-3B85-4A20-9A2F-ABB979745198}.Release|x86.ActiveCfg = Release|Any CPU
		{6771EC7B-3B85-4A20-9A2F-ABB979745198}.Release|x86.Build.0 = Release|Any CPU
		{18933973-B439-4B50-9795-B7F2E0070894}.Debug|Any CPU.ActiveCfg = Debug|Any CPU
		{18933973-B439-4B50-9795-B7F2E0070894}.Debug|Any CPU.Build.0 = Debug|Any CPU
		{18933973-B439-4B50-9795-B7F2E0070894}.Debug|x64.ActiveCfg = Debug|Any CPU
		{18933973-B439-4B50-9795-B7F2E0070894}.Debug|x64.Build.0 = Debug|Any CPU
		{18933973-B439-4B50-9795-B7F2E0070894}.Debug|x86.ActiveCfg = Debug|Any CPU
		{18933973-B439-4B50-9795-B7F2E0070894}.Debug|x86.Build.0 = Debug|Any CPU
		{18933973-B439-4B50-9795-B7F2E0070894}.Release|Any CPU.ActiveCfg = Release|Any CPU
		{18933973-B439-4B50-9795-B7F2E0070894}.Release|Any CPU.Build.0 = Release|Any CPU
		{18933973-B439-4B50-9795-B7F2E0070894}.Release|x64.ActiveCfg = Release|Any CPU
		{18933973-B439-4B50-9795-B7F2E0070894}.Release|x64.Build.0 = Release|Any CPU
		{18933973-B439-4B50-9795-B7F2E0070894}.Release|x86.ActiveCfg = Release|Any CPU
		{18933973-B439-4B50-9795-B7F2E0070894}.Release|x86.Build.0 = Release|Any CPU
		{96C6D488-9DDB-43C9-BCDC-F2EEE56717D1}.Debug|Any CPU.ActiveCfg = Debug|Any CPU
		{96C6D488-9DDB-43C9-BCDC-F2EEE56717D1}.Debug|Any CPU.Build.0 = Debug|Any CPU
		{96C6D488-9DDB-43C9-BCDC-F2EEE56717D1}.Debug|x64.ActiveCfg = Debug|Any CPU
		{96C6D488-9DDB-43C9-BCDC-F2EEE56717D1}.Debug|x64.Build.0 = Debug|Any CPU
		{96C6D488-9DDB-43C9-BCDC-F2EEE56717D1}.Debug|x86.ActiveCfg = Debug|Any CPU
		{96C6D488-9DDB-43C9-BCDC-F2EEE56717D1}.Debug|x86.Build.0 = Debug|Any CPU
		{96C6D488-9DDB-43C9-BCDC-F2EEE56717D1}.Release|Any CPU.ActiveCfg = Release|Any CPU
		{96C6D488-9DDB-43C9-BCDC-F2EEE56717D1}.Release|Any CPU.Build.0 = Release|Any CPU
		{96C6D488-9DDB-43C9-BCDC-F2EEE56717D1}.Release|x64.ActiveCfg = Release|Any CPU
		{96C6D488-9DDB-43C9-BCDC-F2EEE56717D1}.Release|x64.Build.0 = Release|Any CPU
		{96C6D488-9DDB-43C9-BCDC-F2EEE56717D1}.Release|x86.ActiveCfg = Release|Any CPU
		{96C6D488-9DDB-43C9-BCDC-F2EEE56717D1}.Release|x86.Build.0 = Release|Any CPU
		{87C812E3-9397-4FB9-8E11-001E95A981CC}.Debug|Any CPU.ActiveCfg = Debug|Any CPU
		{87C812E3-9397-4FB9-8E11-001E95A981CC}.Debug|Any CPU.Build.0 = Debug|Any CPU
		{87C812E3-9397-4FB9-8E11-001E95A981CC}.Debug|x64.ActiveCfg = Debug|Any CPU
		{87C812E3-9397-4FB9-8E11-001E95A981CC}.Debug|x64.Build.0 = Debug|Any CPU
		{87C812E3-9397-4FB9-8E11-001E95A981CC}.Debug|x86.ActiveCfg = Debug|Any CPU
		{87C812E3-9397-4FB9-8E11-001E95A981CC}.Debug|x86.Build.0 = Debug|Any CPU
		{87C812E3-9397-4FB9-8E11-001E95A981CC}.Release|Any CPU.ActiveCfg = Release|Any CPU
		{87C812E3-9397-4FB9-8E11-001E95A981CC}.Release|Any CPU.Build.0 = Release|Any CPU
		{87C812E3-9397-4FB9-8E11-001E95A981CC}.Release|x64.ActiveCfg = Release|Any CPU
		{87C812E3-9397-4FB9-8E11-001E95A981CC}.Release|x64.Build.0 = Release|Any CPU
		{87C812E3-9397-4FB9-8E11-001E95A981CC}.Release|x86.ActiveCfg = Release|Any CPU
		{87C812E3-9397-4FB9-8E11-001E95A981CC}.Release|x86.Build.0 = Release|Any CPU
	EndGlobalSection
	GlobalSection(SolutionProperties) = preSolution
		HideSolutionNode = FALSE
	EndGlobalSection
	GlobalSection(NestedProjects) = preSolution
		{FADDA2D1-03B4-4DEF-8D24-DD1CA4E81F4A} = {8537E50E-CF7F-49CB-B4EF-3E2A1B11F050}
		{E1D99AD4-D88B-42BA-86DF-90B98B2E9A01} = {ED612DB1-AB32-4603-95E7-891BACA71C39}
		{05A7D0B7-4AE1-4BC8-A1BE-2389F1593B2D} = {ED612DB1-AB32-4603-95E7-891BACA71C39}
		{B78A7825-BE72-4509-B0AD-01EEC67A9624} = {ED612DB1-AB32-4603-95E7-891BACA71C39}
		{77F0608F-6D0C-481C-9108-D5176E2EAD69} = {8537E50E-CF7F-49CB-B4EF-3E2A1B11F050}
		{D7106D61-C7CA-4005-B31F-43281BB397AD} = {8537E50E-CF7F-49CB-B4EF-3E2A1B11F050}
		{26203F54-A3C1-43AD-A101-8F589D2D67AD} = {4A5A60DD-41B6-40BF-B677-227A921ECCC8}
		{4E4DCEC3-84F3-4416-AE02-343A3964DEAD} = {67CC4504-DA01-4DA8-A2B9-6493CD2B4F83}
		{63C3EDDF-CF6A-41E2-BA54-6BAE0D24CED5} = {67CC4504-DA01-4DA8-A2B9-6493CD2B4F83}
		{76329DA4-D5D3-4136-BD0D-6AC002E962C3} = {67CC4504-DA01-4DA8-A2B9-6493CD2B4F83}
		{3EE0229A-85A5-4677-886D-EEBA8AB4BE69} = {67CC4504-DA01-4DA8-A2B9-6493CD2B4F83}
		{DFA50D41-8AB4-459F-BCDA-73239DF3BEE4} = {67CC4504-DA01-4DA8-A2B9-6493CD2B4F83}
		{6771EC7B-3B85-4A20-9A2F-ABB979745198} = {67CC4504-DA01-4DA8-A2B9-6493CD2B4F83}
		{18933973-B439-4B50-9795-B7F2E0070894} = {67CC4504-DA01-4DA8-A2B9-6493CD2B4F83}
		{96C6D488-9DDB-43C9-BCDC-F2EEE56717D1} = {67CC4504-DA01-4DA8-A2B9-6493CD2B4F83}
		{87C812E3-9397-4FB9-8E11-001E95A981CC} = {67CC4504-DA01-4DA8-A2B9-6493CD2B4F83}
	EndGlobalSection
	GlobalSection(ExtensibilityGlobals) = postSolution
		SolutionGuid = {F4EAAE6D-758C-4184-9D8C-7113384B61A8}
	EndGlobalSection
	GlobalSection(MonoDevelopProperties) = preSolution
		StartupItem = Npgsql.csproj
	EndGlobalSection
EndGlobal
