
Microsoft Visual Studio Solution File, Format Version 12.00
# Visual Studio 14
VisualStudioVersion = 14.0.25123.0
MinimumVisualStudioVersion = 10.0.40219.1
Project("{2150E333-8FDC-42A3-9474-1A3956D46DE8}") = "src", "src", "{8A657AC5-150F-4F55-8D9E-4F1A56D62D60}"
EndProject
Project("{2150E333-8FDC-42A3-9474-1A3956D46DE8}") = "Solution Items", "Solution Items", "{E3B16670-40A6-4B2A-91F3-A1B214479954}"
	ProjectSection(SolutionItems) = preProject
		global.json = global.json
		NuGet.Config = NuGet.Config
	EndProjectSection
EndProject
Project("{2150E333-8FDC-42A3-9474-1A3956D46DE8}") = "test", "test", "{802E669C-6885-4E60-9CFB-8CFB47EAF16A}"
EndProject
Project("{8BB2217D-0F2D-49D1-97BC-3654ED321F3B}") = "Npgsql.EntityFrameworkCore.PostgreSQL", "src\Npgsql.EntityFrameworkCore.PostgreSQL\Npgsql.EntityFrameworkCore.PostgreSQL.xproj", "{0F7E25EB-E266-477A-88F1-E210D013720F}"
EndProject
Project("{8BB2217D-0F2D-49D1-97BC-3654ED321F3B}") = "Npgsql.EntityFrameworkCore.PostgreSQL.Design", "src\Npgsql.EntityFrameworkCore.PostgreSQL.Design\Npgsql.EntityFrameworkCore.PostgreSQL.Design.xproj", "{C115C84A-AFCE-4796-A155-9CEE4C141938}"
EndProject
Project("{8BB2217D-0F2D-49D1-97BC-3654ED321F3B}") = "Npgsql.EntityFrameworkCore.PostgreSQL.Design.FunctionalTests", "test\Npgsql.EntityFrameworkCore.PostgreSQL.Design.FunctionalTests\Npgsql.EntityFrameworkCore.PostgreSQL.Design.FunctionalTests.xproj", "{5336F099-DFF4-4439-9022-169AEB1FA737}"
EndProject
Project("{8BB2217D-0F2D-49D1-97BC-3654ED321F3B}") = "Npgsql.EntityFrameworkCore.PostgreSQL.Tests", "test\Npgsql.EntityFrameworkCore.PostgreSQL.Tests\Npgsql.EntityFrameworkCore.PostgreSQL.Tests.xproj", "{0F64B74C-8869-4352-9AF5-A4BF0927BCF1}"
EndProject
Project("{8BB2217D-0F2D-49D1-97BC-3654ED321F3B}") = "Npgsql.EntityFrameworkCore.PostgreSQL.FunctionalTests", "test\Npgsql.EntityFrameworkCore.PostgreSQL.FunctionalTests\Npgsql.EntityFrameworkCore.PostgreSQL.FunctionalTests.xproj", "{F33996A5-AAB6-4EC0-A865-E80AD16F3163}"
EndProject
Global
	GlobalSection(SolutionConfigurationPlatforms) = preSolution
		Debug|Any CPU = Debug|Any CPU
		Release|Any CPU = Release|Any CPU
	EndGlobalSection
	GlobalSection(ProjectConfigurationPlatforms) = postSolution
		{0F7E25EB-E266-477A-88F1-E210D013720F}.Debug|Any CPU.ActiveCfg = Debug|Any CPU
		{0F7E25EB-E266-477A-88F1-E210D013720F}.Debug|Any CPU.Build.0 = Debug|Any CPU
		{0F7E25EB-E266-477A-88F1-E210D013720F}.Release|Any CPU.ActiveCfg = Release|Any CPU
		{0F7E25EB-E266-477A-88F1-E210D013720F}.Release|Any CPU.Build.0 = Release|Any CPU
		{C115C84A-AFCE-4796-A155-9CEE4C141938}.Debug|Any CPU.ActiveCfg = Debug|Any CPU
		{C115C84A-AFCE-4796-A155-9CEE4C141938}.Debug|Any CPU.Build.0 = Debug|Any CPU
		{C115C84A-AFCE-4796-A155-9CEE4C141938}.Release|Any CPU.ActiveCfg = Release|Any CPU
		{C115C84A-AFCE-4796-A155-9CEE4C141938}.Release|Any CPU.Build.0 = Release|Any CPU
		{5336F099-DFF4-4439-9022-169AEB1FA737}.Debug|Any CPU.ActiveCfg = Debug|Any CPU
		{5336F099-DFF4-4439-9022-169AEB1FA737}.Debug|Any CPU.Build.0 = Debug|Any CPU
		{5336F099-DFF4-4439-9022-169AEB1FA737}.Release|Any CPU.ActiveCfg = Release|Any CPU
		{5336F099-DFF4-4439-9022-169AEB1FA737}.Release|Any CPU.Build.0 = Release|Any CPU
		{0F64B74C-8869-4352-9AF5-A4BF0927BCF1}.Debug|Any CPU.ActiveCfg = Debug|Any CPU
		{0F64B74C-8869-4352-9AF5-A4BF0927BCF1}.Debug|Any CPU.Build.0 = Debug|Any CPU
		{0F64B74C-8869-4352-9AF5-A4BF0927BCF1}.Release|Any CPU.ActiveCfg = Release|Any CPU
		{0F64B74C-8869-4352-9AF5-A4BF0927BCF1}.Release|Any CPU.Build.0 = Release|Any CPU
		{F33996A5-AAB6-4EC0-A865-E80AD16F3163}.Debug|Any CPU.ActiveCfg = Debug|Any CPU
		{F33996A5-AAB6-4EC0-A865-E80AD16F3163}.Debug|Any CPU.Build.0 = Debug|Any CPU
		{F33996A5-AAB6-4EC0-A865-E80AD16F3163}.Release|Any CPU.ActiveCfg = Release|Any CPU
		{F33996A5-AAB6-4EC0-A865-E80AD16F3163}.Release|Any CPU.Build.0 = Release|Any CPU
	EndGlobalSection
	GlobalSection(SolutionProperties) = preSolution
		HideSolutionNode = FALSE
	EndGlobalSection
	GlobalSection(NestedProjects) = preSolution
		{0F7E25EB-E266-477A-88F1-E210D013720F} = {8A657AC5-150F-4F55-8D9E-4F1A56D62D60}
		{C115C84A-AFCE-4796-A155-9CEE4C141938} = {8A657AC5-150F-4F55-8D9E-4F1A56D62D60}
		{5336F099-DFF4-4439-9022-169AEB1FA737} = {802E669C-6885-4E60-9CFB-8CFB47EAF16A}
		{0F64B74C-8869-4352-9AF5-A4BF0927BCF1} = {802E669C-6885-4E60-9CFB-8CFB47EAF16A}
		{F33996A5-AAB6-4EC0-A865-E80AD16F3163} = {802E669C-6885-4E60-9CFB-8CFB47EAF16A}
	EndGlobalSection
EndGlobal
